
Microsoft Visual Studio Solution File, Format Version 12.00
# Visual Studio Version 16
VisualStudioVersion = 16.0.31911.196
MinimumVisualStudioVersion = 10.0.40219.1
Project("{FAE04EC0-301F-11D3-BF4B-00C04F79EFBC}") = "平面機構模擬_fourbar", "平面機構模擬1\平面機構模擬_fourbar.csproj", "{050483CB-5EF8-4D51-9B17-497D403548AD}"
EndProject
Global
	GlobalSection(SolutionConfigurationPlatforms) = preSolution
		Debug|Any CPU = Debug|Any CPU
		Release|Any CPU = Release|Any CPU
	EndGlobalSection
	GlobalSection(ProjectConfigurationPlatforms) = postSolution
		{050483CB-5EF8-4D51-9B17-497D403548AD}.Debug|Any CPU.ActiveCfg = Debug|Any CPU
		{050483CB-5EF8-4D51-9B17-497D403548AD}.Debug|Any CPU.Build.0 = Debug|Any CPU
		{050483CB-5EF8-4D51-9B17-497D403548AD}.Release|Any CPU.ActiveCfg = Release|Any CPU
		{050483CB-5EF8-4D51-9B17-497D403548AD}.Release|Any CPU.Build.0 = Release|Any CPU
	EndGlobalSection
	GlobalSection(SolutionProperties) = preSolution
		HideSolutionNode = FALSE
	EndGlobalSection
	GlobalSection(ExtensibilityGlobals) = postSolution
		SolutionGuid = {1F4311B1-B3CE-4365-B7DE-B52606B0946B}
	EndGlobalSection
EndGlobal
